// !$*UTF8*$!
{
	archiveVersion = 1;
	classes = {
	};
	objectVersion = 46;
	objects = {

/* Begin PBXBuildFile section */
		E60641A71EBA3B2B004A4212 /* main.m in Sources */ = {isa = PBXBuildFile; fileRef = E60641A61EBA3B2B004A4212 /* main.m */; };
		E60641AA1EBA3B2B004A4212 /* AppDelegate.m in Sources */ = {isa = PBXBuildFile; fileRef = E60641A91EBA3B2B004A4212 /* AppDelegate.m */; };
		E60641B21EBA3B2B004A4212 /* Assets.xcassets in Resources */ = {isa = PBXBuildFile; fileRef = E60641B11EBA3B2B004A4212 /* Assets.xcassets */; };
		E60641B51EBA3B2B004A4212 /* LaunchScreen.storyboard in Resources */ = {isa = PBXBuildFile; fileRef = E60641B31EBA3B2B004A4212 /* LaunchScreen.storyboard */; };
		E60641C31EBA3FF8004A4212 /* STVVisitsApiClient.m in Sources */ = {isa = PBXBuildFile; fileRef = E60641C21EBA3FF8004A4212 /* STVVisitsApiClient.m */; };
		E60641C71EBA413D004A4212 /* STVApiVisit.m in Sources */ = {isa = PBXBuildFile; fileRef = E60641C61EBA413D004A4212 /* STVApiVisit.m */; };
		E60641CA1EBA414C004A4212 /* STVApiOrganization.m in Sources */ = {isa = PBXBuildFile; fileRef = E60641C91EBA414C004A4212 /* STVApiOrganization.m */; };
		E60641D01EBA446C004A4212 /* STVApiVisitMapper.m in Sources */ = {isa = PBXBuildFile; fileRef = E60641CF1EBA446C004A4212 /* STVApiVisitMapper.m */; };
		E60641D31EBA44B1004A4212 /* STVJsonMapper.m in Sources */ = {isa = PBXBuildFile; fileRef = E60641D21EBA44B1004A4212 /* STVJsonMapper.m */; };
		E60641D61EBA4909004A4212 /* STVApiOrganizatonMapper.m in Sources */ = {isa = PBXBuildFile; fileRef = E60641D51EBA4909004A4212 /* STVApiOrganizatonMapper.m */; };
		E60641D91EBA4ABC004A4212 /* STVApiVisitValidator.m in Sources */ = {isa = PBXBuildFile; fileRef = E60641D81EBA4ABC004A4212 /* STVApiVisitValidator.m */; };
		E60641DD1EBA4BF9004A4212 /* STVApiOrganizationValidator.m in Sources */ = {isa = PBXBuildFile; fileRef = E60641DC1EBA4BF9004A4212 /* STVApiOrganizationValidator.m */; };
		E60641E11EBB070C004A4212 /* STVVisitsApiService.m in Sources */ = {isa = PBXBuildFile; fileRef = E60641E01EBB070C004A4212 /* STVVisitsApiService.m */; };
		E60641E41EBB0CE0004A4212 /* STVApiServiceError.m in Sources */ = {isa = PBXBuildFile; fileRef = E60641E31EBB0CE0004A4212 /* STVApiServiceError.m */; };
		E60641E71EBB1383004A4212 /* STVOrganizationsApiService.m in Sources */ = {isa = PBXBuildFile; fileRef = E60641E61EBB1383004A4212 /* STVOrganizationsApiService.m */; };
		E60641EA1EBB1404004A4212 /* STVApiService.m in Sources */ = {isa = PBXBuildFile; fileRef = E60641E91EBB1404004A4212 /* STVApiService.m */; };
		E60641F11EBB1EFC004A4212 /* CoreData.framework in Frameworks */ = {isa = PBXBuildFile; fileRef = E60641F01EBB1EFC004A4212 /* CoreData.framework */; };
		E60641FF1EBB22A0004A4212 /* STVCoreDataController.m in Sources */ = {isa = PBXBuildFile; fileRef = E60641FA1EBB22A0004A4212 /* STVCoreDataController.m */; };
		E60642001EBB22A0004A4212 /* STVDatabase.m in Sources */ = {isa = PBXBuildFile; fileRef = E60641FC1EBB22A0004A4212 /* STVDatabase.m */; };
		E60642011EBB22A0004A4212 /* visits.xcdatamodeld in Sources */ = {isa = PBXBuildFile; fileRef = E60641FD1EBB22A0004A4212 /* visits.xcdatamodeld */; };
		E606424C1EBB2ECC004A4212 /* Main.storyboard in Resources */ = {isa = PBXBuildFile; fileRef = E606424E1EBB2ECC004A4212 /* Main.storyboard */; };
		E60642531EBB43C7004A4212 /* STVStorage.m in Sources */ = {isa = PBXBuildFile; fileRef = E60642521EBB43C7004A4212 /* STVStorage.m */; };
		E60642571EBB44EF004A4212 /* STVStorageVisit.m in Sources */ = {isa = PBXBuildFile; fileRef = E60642561EBB44EF004A4212 /* STVStorageVisit.m */; };
		E606425A1EBB4504004A4212 /* STVStorageOrganization.m in Sources */ = {isa = PBXBuildFile; fileRef = E60642591EBB4504004A4212 /* STVStorageOrganization.m */; };
		E606425D1EBB45A8004A4212 /* STVStorageGeoLocation.m in Sources */ = {isa = PBXBuildFile; fileRef = E606425C1EBB45A8004A4212 /* STVStorageGeoLocation.m */; };
		E60642641EBB48CC004A4212 /* STVVisitsContainerViewController.m in Sources */ = {isa = PBXBuildFile; fileRef = E60642631EBB48CC004A4212 /* STVVisitsContainerViewController.m */; };
		E60642681EBB491F004A4212 /* STVVisitsListViewController.m in Sources */ = {isa = PBXBuildFile; fileRef = E60642671EBB491F004A4212 /* STVVisitsListViewController.m */; };
		E606426B1EBB4932004A4212 /* STVVisitsMapViewController.m in Sources */ = {isa = PBXBuildFile; fileRef = E606426A1EBB4932004A4212 /* STVVisitsMapViewController.m */; };
		E606426D1EBB4D84004A4212 /* MapKit.framework in Frameworks */ = {isa = PBXBuildFile; fileRef = E606426C1EBB4D84004A4212 /* MapKit.framework */; };
		E60642711EBB4FEB004A4212 /* STVVisitCollectionViewCell.m in Sources */ = {isa = PBXBuildFile; fileRef = E60642701EBB4FEB004A4212 /* STVVisitCollectionViewCell.m */; };
		E60642761EBB55AF004A4212 /* STVVisitsListViewModel.m in Sources */ = {isa = PBXBuildFile; fileRef = E60642751EBB55AF004A4212 /* STVVisitsListViewModel.m */; };
		E606427A1EBB5748004A4212 /* STVModuleViewController.m in Sources */ = {isa = PBXBuildFile; fileRef = E60642791EBB5748004A4212 /* STVModuleViewController.m */; };
		E606427D1EBB599E004A4212 /* STVVisitsContainerViewModel.m in Sources */ = {isa = PBXBuildFile; fileRef = E606427C1EBB599E004A4212 /* STVVisitsContainerViewModel.m */; };
/* End PBXBuildFile section */

/* Begin PBXFileReference section */
		E60641A21EBA3B2B004A4212 /* SberTechVisitsMap.app */ = {isa = PBXFileReference; explicitFileType = wrapper.application; includeInIndex = 0; path = SberTechVisitsMap.app; sourceTree = BUILT_PRODUCTS_DIR; };
		E60641A61EBA3B2B004A4212 /* main.m */ = {isa = PBXFileReference; lastKnownFileType = sourcecode.c.objc; path = main.m; sourceTree = "<group>"; };
		E60641A81EBA3B2B004A4212 /* AppDelegate.h */ = {isa = PBXFileReference; lastKnownFileType = sourcecode.c.h; path = AppDelegate.h; sourceTree = "<group>"; };
		E60641A91EBA3B2B004A4212 /* AppDelegate.m */ = {isa = PBXFileReference; lastKnownFileType = sourcecode.c.objc; path = AppDelegate.m; sourceTree = "<group>"; };
		E60641B11EBA3B2B004A4212 /* Assets.xcassets */ = {isa = PBXFileReference; lastKnownFileType = folder.assetcatalog; path = Assets.xcassets; sourceTree = "<group>"; };
		E60641B41EBA3B2B004A4212 /* Base */ = {isa = PBXFileReference; lastKnownFileType = file.storyboard; name = Base; path = Base.lproj/LaunchScreen.storyboard; sourceTree = "<group>"; };
		E60641B61EBA3B2B004A4212 /* Info.plist */ = {isa = PBXFileReference; lastKnownFileType = text.plist.xml; path = Info.plist; sourceTree = "<group>"; };
		E60641C11EBA3FF8004A4212 /* STVVisitsApiClient.h */ = {isa = PBXFileReference; fileEncoding = 4; lastKnownFileType = sourcecode.c.h; path = STVVisitsApiClient.h; sourceTree = "<group>"; };
		E60641C21EBA3FF8004A4212 /* STVVisitsApiClient.m */ = {isa = PBXFileReference; fileEncoding = 4; lastKnownFileType = sourcecode.c.objc; path = STVVisitsApiClient.m; sourceTree = "<group>"; };
		E60641C51EBA413D004A4212 /* STVApiVisit.h */ = {isa = PBXFileReference; fileEncoding = 4; lastKnownFileType = sourcecode.c.h; path = STVApiVisit.h; sourceTree = "<group>"; };
		E60641C61EBA413D004A4212 /* STVApiVisit.m */ = {isa = PBXFileReference; fileEncoding = 4; lastKnownFileType = sourcecode.c.objc; path = STVApiVisit.m; sourceTree = "<group>"; };
		E60641C81EBA414C004A4212 /* STVApiOrganization.h */ = {isa = PBXFileReference; fileEncoding = 4; lastKnownFileType = sourcecode.c.h; path = STVApiOrganization.h; sourceTree = "<group>"; };
		E60641C91EBA414C004A4212 /* STVApiOrganization.m */ = {isa = PBXFileReference; fileEncoding = 4; lastKnownFileType = sourcecode.c.objc; path = STVApiOrganization.m; sourceTree = "<group>"; };
		E60641CE1EBA446C004A4212 /* STVApiVisitMapper.h */ = {isa = PBXFileReference; fileEncoding = 4; lastKnownFileType = sourcecode.c.h; path = STVApiVisitMapper.h; sourceTree = "<group>"; };
		E60641CF1EBA446C004A4212 /* STVApiVisitMapper.m */ = {isa = PBXFileReference; fileEncoding = 4; lastKnownFileType = sourcecode.c.objc; path = STVApiVisitMapper.m; sourceTree = "<group>"; };
		E60641D11EBA44B1004A4212 /* STVJsonMapper.h */ = {isa = PBXFileReference; fileEncoding = 4; lastKnownFileType = sourcecode.c.h; path = STVJsonMapper.h; sourceTree = "<group>"; };
		E60641D21EBA44B1004A4212 /* STVJsonMapper.m */ = {isa = PBXFileReference; fileEncoding = 4; lastKnownFileType = sourcecode.c.objc; path = STVJsonMapper.m; sourceTree = "<group>"; };
		E60641D41EBA4909004A4212 /* STVApiOrganizatonMapper.h */ = {isa = PBXFileReference; fileEncoding = 4; lastKnownFileType = sourcecode.c.h; path = STVApiOrganizatonMapper.h; sourceTree = "<group>"; };
		E60641D51EBA4909004A4212 /* STVApiOrganizatonMapper.m */ = {isa = PBXFileReference; fileEncoding = 4; lastKnownFileType = sourcecode.c.objc; path = STVApiOrganizatonMapper.m; sourceTree = "<group>"; };
		E60641D71EBA4ABC004A4212 /* STVApiVisitValidator.h */ = {isa = PBXFileReference; fileEncoding = 4; lastKnownFileType = sourcecode.c.h; path = STVApiVisitValidator.h; sourceTree = "<group>"; };
		E60641D81EBA4ABC004A4212 /* STVApiVisitValidator.m */ = {isa = PBXFileReference; fileEncoding = 4; lastKnownFileType = sourcecode.c.objc; path = STVApiVisitValidator.m; sourceTree = "<group>"; };
		E60641DA1EBA4AD5004A4212 /* STVApiValidator.h */ = {isa = PBXFileReference; lastKnownFileType = sourcecode.c.h; path = STVApiValidator.h; sourceTree = "<group>"; };
		E60641DB1EBA4BF9004A4212 /* STVApiOrganizationValidator.h */ = {isa = PBXFileReference; fileEncoding = 4; lastKnownFileType = sourcecode.c.h; path = STVApiOrganizationValidator.h; sourceTree = "<group>"; };
		E60641DC1EBA4BF9004A4212 /* STVApiOrganizationValidator.m */ = {isa = PBXFileReference; fileEncoding = 4; lastKnownFileType = sourcecode.c.objc; path = STVApiOrganizationValidator.m; sourceTree = "<group>"; };
		E60641DF1EBB070C004A4212 /* STVVisitsApiService.h */ = {isa = PBXFileReference; fileEncoding = 4; lastKnownFileType = sourcecode.c.h; path = STVVisitsApiService.h; sourceTree = "<group>"; };
		E60641E01EBB070C004A4212 /* STVVisitsApiService.m */ = {isa = PBXFileReference; fileEncoding = 4; lastKnownFileType = sourcecode.c.objc; path = STVVisitsApiService.m; sourceTree = "<group>"; };
		E60641E21EBB0CE0004A4212 /* STVApiServiceError.h */ = {isa = PBXFileReference; fileEncoding = 4; lastKnownFileType = sourcecode.c.h; path = STVApiServiceError.h; sourceTree = "<group>"; };
		E60641E31EBB0CE0004A4212 /* STVApiServiceError.m */ = {isa = PBXFileReference; fileEncoding = 4; lastKnownFileType = sourcecode.c.objc; path = STVApiServiceError.m; sourceTree = "<group>"; };
		E60641E51EBB1383004A4212 /* STVOrganizationsApiService.h */ = {isa = PBXFileReference; fileEncoding = 4; lastKnownFileType = sourcecode.c.h; path = STVOrganizationsApiService.h; sourceTree = "<group>"; };
		E60641E61EBB1383004A4212 /* STVOrganizationsApiService.m */ = {isa = PBXFileReference; fileEncoding = 4; lastKnownFileType = sourcecode.c.objc; path = STVOrganizationsApiService.m; sourceTree = "<group>"; };
		E60641E81EBB1404004A4212 /* STVApiService.h */ = {isa = PBXFileReference; fileEncoding = 4; lastKnownFileType = sourcecode.c.h; path = STVApiService.h; sourceTree = "<group>"; };
		E60641E91EBB1404004A4212 /* STVApiService.m */ = {isa = PBXFileReference; fileEncoding = 4; lastKnownFileType = sourcecode.c.objc; path = STVApiService.m; sourceTree = "<group>"; };
		E60641F01EBB1EFC004A4212 /* CoreData.framework */ = {isa = PBXFileReference; lastKnownFileType = wrapper.framework; name = CoreData.framework; path = System/Library/Frameworks/CoreData.framework; sourceTree = SDKROOT; };
		E60641F91EBB22A0004A4212 /* STVCoreDataController.h */ = {isa = PBXFileReference; fileEncoding = 4; lastKnownFileType = sourcecode.c.h; path = STVCoreDataController.h; sourceTree = "<group>"; };
		E60641FA1EBB22A0004A4212 /* STVCoreDataController.m */ = {isa = PBXFileReference; fileEncoding = 4; lastKnownFileType = sourcecode.c.objc; path = STVCoreDataController.m; sourceTree = "<group>"; };
		E60641FB1EBB22A0004A4212 /* STVDatabase.h */ = {isa = PBXFileReference; fileEncoding = 4; lastKnownFileType = sourcecode.c.h; path = STVDatabase.h; sourceTree = "<group>"; };
		E60641FC1EBB22A0004A4212 /* STVDatabase.m */ = {isa = PBXFileReference; fileEncoding = 4; lastKnownFileType = sourcecode.c.objc; path = STVDatabase.m; sourceTree = "<group>"; };
		E60641FE1EBB22A0004A4212 /* visits.xcdatamodel */ = {isa = PBXFileReference; lastKnownFileType = wrapper.xcdatamodel; path = visits.xcdatamodel; sourceTree = "<group>"; };
		E606424D1EBB2ECC004A4212 /* Base */ = {isa = PBXFileReference; lastKnownFileType = file.storyboard; name = Base; path = Base.lproj/Main.storyboard; sourceTree = "<group>"; };
		E606424F1EBB2F48004A4212 /* CDEntities.h */ = {isa = PBXFileReference; fileEncoding = 4; lastKnownFileType = sourcecode.c.h; path = CDEntities.h; sourceTree = "<group>"; };
		E60642511EBB43C7004A4212 /* STVStorage.h */ = {isa = PBXFileReference; fileEncoding = 4; lastKnownFileType = sourcecode.c.h; path = STVStorage.h; sourceTree = "<group>"; };
		E60642521EBB43C7004A4212 /* STVStorage.m */ = {isa = PBXFileReference; fileEncoding = 4; lastKnownFileType = sourcecode.c.objc; path = STVStorage.m; sourceTree = "<group>"; };
		E60642551EBB44EF004A4212 /* STVStorageVisit.h */ = {isa = PBXFileReference; fileEncoding = 4; lastKnownFileType = sourcecode.c.h; path = STVStorageVisit.h; sourceTree = "<group>"; };
		E60642561EBB44EF004A4212 /* STVStorageVisit.m */ = {isa = PBXFileReference; fileEncoding = 4; lastKnownFileType = sourcecode.c.objc; path = STVStorageVisit.m; sourceTree = "<group>"; };
		E60642581EBB4504004A4212 /* STVStorageOrganization.h */ = {isa = PBXFileReference; fileEncoding = 4; lastKnownFileType = sourcecode.c.h; path = STVStorageOrganization.h; sourceTree = "<group>"; };
		E60642591EBB4504004A4212 /* STVStorageOrganization.m */ = {isa = PBXFileReference; fileEncoding = 4; lastKnownFileType = sourcecode.c.objc; path = STVStorageOrganization.m; sourceTree = "<group>"; };
		E606425B1EBB45A8004A4212 /* STVStorageGeoLocation.h */ = {isa = PBXFileReference; fileEncoding = 4; lastKnownFileType = sourcecode.c.h; path = STVStorageGeoLocation.h; sourceTree = "<group>"; };
		E606425C1EBB45A8004A4212 /* STVStorageGeoLocation.m */ = {isa = PBXFileReference; fileEncoding = 4; lastKnownFileType = sourcecode.c.objc; path = STVStorageGeoLocation.m; sourceTree = "<group>"; };
		E606425E1EBB470C004A4212 /* STVStorageModels.h */ = {isa = PBXFileReference; lastKnownFileType = sourcecode.c.h; path = STVStorageModels.h; sourceTree = "<group>"; };
		E60642621EBB48CC004A4212 /* STVVisitsContainerViewController.h */ = {isa = PBXFileReference; fileEncoding = 4; lastKnownFileType = sourcecode.c.h; path = STVVisitsContainerViewController.h; sourceTree = "<group>"; };
		E60642631EBB48CC004A4212 /* STVVisitsContainerViewController.m */ = {isa = PBXFileReference; fileEncoding = 4; lastKnownFileType = sourcecode.c.objc; path = STVVisitsContainerViewController.m; sourceTree = "<group>"; };
		E60642661EBB491F004A4212 /* STVVisitsListViewController.h */ = {isa = PBXFileReference; fileEncoding = 4; lastKnownFileType = sourcecode.c.h; path = STVVisitsListViewController.h; sourceTree = "<group>"; };
		E60642671EBB491F004A4212 /* STVVisitsListViewController.m */ = {isa = PBXFileReference; fileEncoding = 4; lastKnownFileType = sourcecode.c.objc; path = STVVisitsListViewController.m; sourceTree = "<group>"; };
		E60642691EBB4932004A4212 /* STVVisitsMapViewController.h */ = {isa = PBXFileReference; fileEncoding = 4; lastKnownFileType = sourcecode.c.h; path = STVVisitsMapViewController.h; sourceTree = "<group>"; };
		E606426A1EBB4932004A4212 /* STVVisitsMapViewController.m */ = {isa = PBXFileReference; fileEncoding = 4; lastKnownFileType = sourcecode.c.objc; path = STVVisitsMapViewController.m; sourceTree = "<group>"; };
		E606426C1EBB4D84004A4212 /* MapKit.framework */ = {isa = PBXFileReference; lastKnownFileType = wrapper.framework; name = MapKit.framework; path = System/Library/Frameworks/MapKit.framework; sourceTree = SDKROOT; };
		E606426F1EBB4FEB004A4212 /* STVVisitCollectionViewCell.h */ = {isa = PBXFileReference; fileEncoding = 4; lastKnownFileType = sourcecode.c.h; path = STVVisitCollectionViewCell.h; sourceTree = "<group>"; };
		E60642701EBB4FEB004A4212 /* STVVisitCollectionViewCell.m */ = {isa = PBXFileReference; fileEncoding = 4; lastKnownFileType = sourcecode.c.objc; path = STVVisitCollectionViewCell.m; sourceTree = "<group>"; };
		E60642721EBB523A004A4212 /* STVVisitsPresenter.h */ = {isa = PBXFileReference; lastKnownFileType = sourcecode.c.h; path = STVVisitsPresenter.h; sourceTree = "<group>"; };
		E60642731EBB5267004A4212 /* STVVisitsPresenterDelegate.h */ = {isa = PBXFileReference; lastKnownFileType = sourcecode.c.h; path = STVVisitsPresenterDelegate.h; sourceTree = "<group>"; };
		E60642741EBB55AF004A4212 /* STVVisitsListViewModel.h */ = {isa = PBXFileReference; fileEncoding = 4; lastKnownFileType = sourcecode.c.h; path = STVVisitsListViewModel.h; sourceTree = "<group>"; };
		E60642751EBB55AF004A4212 /* STVVisitsListViewModel.m */ = {isa = PBXFileReference; fileEncoding = 4; lastKnownFileType = sourcecode.c.objc; path = STVVisitsListViewModel.m; sourceTree = "<group>"; };
		E60642781EBB5748004A4212 /* STVModuleViewController.h */ = {isa = PBXFileReference; fileEncoding = 4; lastKnownFileType = sourcecode.c.h; path = STVModuleViewController.h; sourceTree = "<group>"; };
		E60642791EBB5748004A4212 /* STVModuleViewController.m */ = {isa = PBXFileReference; fileEncoding = 4; lastKnownFileType = sourcecode.c.objc; path = STVModuleViewController.m; sourceTree = "<group>"; };
		E606427B1EBB599E004A4212 /* STVVisitsContainerViewModel.h */ = {isa = PBXFileReference; fileEncoding = 4; lastKnownFileType = sourcecode.c.h; path = STVVisitsContainerViewModel.h; sourceTree = "<group>"; };
		E606427C1EBB599E004A4212 /* STVVisitsContainerViewModel.m */ = {isa = PBXFileReference; fileEncoding = 4; lastKnownFileType = sourcecode.c.objc; path = STVVisitsContainerViewModel.m; sourceTree = "<group>"; };
/* End PBXFileReference section */

/* Begin PBXFrameworksBuildPhase section */
		E606419F1EBA3B2B004A4212 /* Frameworks */ = {
			isa = PBXFrameworksBuildPhase;
			buildActionMask = 2147483647;
			files = (
				E606426D1EBB4D84004A4212 /* MapKit.framework in Frameworks */,
				E60641F11EBB1EFC004A4212 /* CoreData.framework in Frameworks */,
			);
			runOnlyForDeploymentPostprocessing = 0;
		};
/* End PBXFrameworksBuildPhase section */

/* Begin PBXGroup section */
		E60641991EBA3B2B004A4212 = {
			isa = PBXGroup;
			children = (
				E60641A41EBA3B2B004A4212 /* SberTechVisitsMap */,
				E60641A31EBA3B2B004A4212 /* Products */,
				E60641EF1EBB1EFC004A4212 /* Frameworks */,
			);
			sourceTree = "<group>";
		};
		E60641A31EBA3B2B004A4212 /* Products */ = {
			isa = PBXGroup;
			children = (
				E60641A21EBA3B2B004A4212 /* SberTechVisitsMap.app */,
			);
			name = Products;
			sourceTree = "<group>";
		};
		E60641A41EBA3B2B004A4212 /* SberTechVisitsMap */ = {
			isa = PBXGroup;
			children = (
				E60641BE1EBA3F07004A4212 /* Presentation */,
				E60642501EBB4385004A4212 /* Storage */,
				E60641F81EBB22A0004A4212 /* PersistentStorage */,
				E60641BC1EBA3EB8004A4212 /* Network */,
				E60641A81EBA3B2B004A4212 /* AppDelegate.h */,
				E60641A91EBA3B2B004A4212 /* AppDelegate.m */,
				E60641B11EBA3B2B004A4212 /* Assets.xcassets */,
				E60641B31EBA3B2B004A4212 /* LaunchScreen.storyboard */,
				E60641B61EBA3B2B004A4212 /* Info.plist */,
				E60641A51EBA3B2B004A4212 /* Supporting Files */,
			);
			path = SberTechVisitsMap;
			sourceTree = "<group>";
		};
		E60641A51EBA3B2B004A4212 /* Supporting Files */ = {
			isa = PBXGroup;
			children = (
				E60641A61EBA3B2B004A4212 /* main.m */,
			);
			name = "Supporting Files";
			sourceTree = "<group>";
		};
		E60641BC1EBA3EB8004A4212 /* Network */ = {
			isa = PBXGroup;
			children = (
				E60641DE1EBB06CD004A4212 /* ApiService */,
				E60641CC1EBA43AC004A4212 /* Validator */,
				E60641CB1EBA4394004A4212 /* Mapper */,
				E60641C41EBA411C004A4212 /* Model */,
				E60641C11EBA3FF8004A4212 /* STVVisitsApiClient.h */,
				E60641C21EBA3FF8004A4212 /* STVVisitsApiClient.m */,
			);
			path = Network;
			sourceTree = "<group>";
		};
		E60641BE1EBA3F07004A4212 /* Presentation */ = {
			isa = PBXGroup;
			children = (
				E60642771EBB56FA004A4212 /* Module */,
				E60642721EBB523A004A4212 /* STVVisitsPresenter.h */,
				E60642731EBB5267004A4212 /* STVVisitsPresenterDelegate.h */,
				E60642611EBB488D004A4212 /* VisitsContainer */,
				E60642651EBB48EB004A4212 /* VisitsList */,
				E606425F1EBB4846004A4212 /* VisitsMap */,
				E606424E1EBB2ECC004A4212 /* Main.storyboard */,
			);
			path = Presentation;
			sourceTree = "<group>";
		};
		E60641C41EBA411C004A4212 /* Model */ = {
			isa = PBXGroup;
			children = (
				E60641C51EBA413D004A4212 /* STVApiVisit.h */,
				E60641C61EBA413D004A4212 /* STVApiVisit.m */,
				E60641C81EBA414C004A4212 /* STVApiOrganization.h */,
				E60641C91EBA414C004A4212 /* STVApiOrganization.m */,
			);
			path = Model;
			sourceTree = "<group>";
		};
		E60641CB1EBA4394004A4212 /* Mapper */ = {
			isa = PBXGroup;
			children = (
				E60641D11EBA44B1004A4212 /* STVJsonMapper.h */,
				E60641D21EBA44B1004A4212 /* STVJsonMapper.m */,
				E60641CE1EBA446C004A4212 /* STVApiVisitMapper.h */,
				E60641CF1EBA446C004A4212 /* STVApiVisitMapper.m */,
				E60641D41EBA4909004A4212 /* STVApiOrganizatonMapper.h */,
				E60641D51EBA4909004A4212 /* STVApiOrganizatonMapper.m */,
			);
			path = Mapper;
			sourceTree = "<group>";
		};
		E60641CC1EBA43AC004A4212 /* Validator */ = {
			isa = PBXGroup;
			children = (
				E60641DA1EBA4AD5004A4212 /* STVApiValidator.h */,
				E60641D71EBA4ABC004A4212 /* STVApiVisitValidator.h */,
				E60641D81EBA4ABC004A4212 /* STVApiVisitValidator.m */,
				E60641DB1EBA4BF9004A4212 /* STVApiOrganizationValidator.h */,
				E60641DC1EBA4BF9004A4212 /* STVApiOrganizationValidator.m */,
			);
			path = Validator;
			sourceTree = "<group>";
		};
		E60641DE1EBB06CD004A4212 /* ApiService */ = {
			isa = PBXGroup;
			children = (
				E60641E21EBB0CE0004A4212 /* STVApiServiceError.h */,
				E60641E31EBB0CE0004A4212 /* STVApiServiceError.m */,
				E60641E81EBB1404004A4212 /* STVApiService.h */,
				E60641E91EBB1404004A4212 /* STVApiService.m */,
				E60641DF1EBB070C004A4212 /* STVVisitsApiService.h */,
				E60641E01EBB070C004A4212 /* STVVisitsApiService.m */,
				E60641E51EBB1383004A4212 /* STVOrganizationsApiService.h */,
				E60641E61EBB1383004A4212 /* STVOrganizationsApiService.m */,
			);
			path = ApiService;
			sourceTree = "<group>";
		};
		E60641EF1EBB1EFC004A4212 /* Frameworks */ = {
			isa = PBXGroup;
			children = (
				E606426C1EBB4D84004A4212 /* MapKit.framework */,
				E60641F01EBB1EFC004A4212 /* CoreData.framework */,
			);
			name = Frameworks;
			sourceTree = "<group>";
		};
		E60641F81EBB22A0004A4212 /* PersistentStorage */ = {
			isa = PBXGroup;
			children = (
				E60642021EBB23E7004A4212 /* Entities */,
				E60641F91EBB22A0004A4212 /* STVCoreDataController.h */,
				E60641FA1EBB22A0004A4212 /* STVCoreDataController.m */,
				E60641FB1EBB22A0004A4212 /* STVDatabase.h */,
				E60641FC1EBB22A0004A4212 /* STVDatabase.m */,
				E60641FD1EBB22A0004A4212 /* visits.xcdatamodeld */,
			);
			path = PersistentStorage;
			sourceTree = "<group>";
		};
		E60642021EBB23E7004A4212 /* Entities */ = {
			isa = PBXGroup;
			children = (
				E606424F1EBB2F48004A4212 /* CDEntities.h */,
			);
			path = Entities;
			sourceTree = "<group>";
		};
		E60642501EBB4385004A4212 /* Storage */ = {
			isa = PBXGroup;
			children = (
				E60642541EBB44C5004A4212 /* Model */,
				E60642511EBB43C7004A4212 /* STVStorage.h */,
				E60642521EBB43C7004A4212 /* STVStorage.m */,
			);
			path = Storage;
			sourceTree = "<group>";
		};
		E60642541EBB44C5004A4212 /* Model */ = {
			isa = PBXGroup;
			children = (
				E606425E1EBB470C004A4212 /* STVStorageModels.h */,
				E60642551EBB44EF004A4212 /* STVStorageVisit.h */,
				E60642561EBB44EF004A4212 /* STVStorageVisit.m */,
				E60642581EBB4504004A4212 /* STVStorageOrganization.h */,
				E60642591EBB4504004A4212 /* STVStorageOrganization.m */,
				E606425B1EBB45A8004A4212 /* STVStorageGeoLocation.h */,
				E606425C1EBB45A8004A4212 /* STVStorageGeoLocation.m */,
			);
			path = Model;
			sourceTree = "<group>";
		};
		E606425F1EBB4846004A4212 /* VisitsMap */ = {
			isa = PBXGroup;
			children = (
				E60642691EBB4932004A4212 /* STVVisitsMapViewController.h */,
				E606426A1EBB4932004A4212 /* STVVisitsMapViewController.m */,
			);
			path = VisitsMap;
			sourceTree = "<group>";
		};
		E60642611EBB488D004A4212 /* VisitsContainer */ = {
			isa = PBXGroup;
			children = (
				E60642621EBB48CC004A4212 /* STVVisitsContainerViewController.h */,
				E60642631EBB48CC004A4212 /* STVVisitsContainerViewController.m */,
				E606427B1EBB599E004A4212 /* STVVisitsContainerViewModel.h */,
				E606427C1EBB599E004A4212 /* STVVisitsContainerViewModel.m */,
			);
			path = VisitsContainer;
			sourceTree = "<group>";
		};
		E60642651EBB48EB004A4212 /* VisitsList */ = {
			isa = PBXGroup;
			children = (
				E606426E1EBB4FA1004A4212 /* VisitCollectionViewCell */,
				E60642661EBB491F004A4212 /* STVVisitsListViewController.h */,
				E60642671EBB491F004A4212 /* STVVisitsListViewController.m */,
				E60642741EBB55AF004A4212 /* STVVisitsListViewModel.h */,
				E60642751EBB55AF004A4212 /* STVVisitsListViewModel.m */,
			);
			path = VisitsList;
			sourceTree = "<group>";
		};
		E606426E1EBB4FA1004A4212 /* VisitCollectionViewCell */ = {
			isa = PBXGroup;
			children = (
				E606426F1EBB4FEB004A4212 /* STVVisitCollectionViewCell.h */,
				E60642701EBB4FEB004A4212 /* STVVisitCollectionViewCell.m */,
			);
			path = VisitCollectionViewCell;
			sourceTree = "<group>";
		};
		E60642771EBB56FA004A4212 /* Module */ = {
			isa = PBXGroup;
			children = (
				E60642781EBB5748004A4212 /* STVModuleViewController.h */,
				E60642791EBB5748004A4212 /* STVModuleViewController.m */,
			);
			path = Module;
			sourceTree = "<group>";
		};
/* End PBXGroup section */

/* Begin PBXNativeTarget section */
		E60641A11EBA3B2B004A4212 /* SberTechVisitsMap */ = {
			isa = PBXNativeTarget;
			buildConfigurationList = E60641B91EBA3B2B004A4212 /* Build configuration list for PBXNativeTarget "SberTechVisitsMap" */;
			buildPhases = (
				E606419E1EBA3B2B004A4212 /* Sources */,
				E606419F1EBA3B2B004A4212 /* Frameworks */,
				E60641A01EBA3B2B004A4212 /* Resources */,
			);
			buildRules = (
			);
			dependencies = (
			);
			name = SberTechVisitsMap;
			productName = SberTechVisitsMap;
			productReference = E60641A21EBA3B2B004A4212 /* SberTechVisitsMap.app */;
			productType = "com.apple.product-type.application";
		};
/* End PBXNativeTarget section */

/* Begin PBXProject section */
		E606419A1EBA3B2B004A4212 /* Project object */ = {
			isa = PBXProject;
			attributes = {
				CLASSPREFIX = STV;
				LastUpgradeCheck = 0830;
				ORGANIZATIONNAME = AlKol;
				TargetAttributes = {
					E60641A11EBA3B2B004A4212 = {
						CreatedOnToolsVersion = 8.3.2;
						DevelopmentTeam = XJ2YWQNMLV;
						LastSwiftMigration = 0830;
						ProvisioningStyle = Automatic;
					};
				};
			};
			buildConfigurationList = E606419D1EBA3B2B004A4212 /* Build configuration list for PBXProject "SberTechVisitsMap" */;
			compatibilityVersion = "Xcode 3.2";
			developmentRegion = English;
			hasScannedForEncodings = 0;
			knownRegions = (
				en,
				Base,
			);
			mainGroup = E60641991EBA3B2B004A4212;
			productRefGroup = E60641A31EBA3B2B004A4212 /* Products */;
			projectDirPath = "";
			projectRoot = "";
			targets = (
				E60641A11EBA3B2B004A4212 /* SberTechVisitsMap */,
			);
		};
/* End PBXProject section */

/* Begin PBXResourcesBuildPhase section */
		E60641A01EBA3B2B004A4212 /* Resources */ = {
			isa = PBXResourcesBuildPhase;
			buildActionMask = 2147483647;
			files = (
				E606424C1EBB2ECC004A4212 /* Main.storyboard in Resources */,
				E60641B51EBA3B2B004A4212 /* LaunchScreen.storyboard in Resources */,
				E60641B21EBA3B2B004A4212 /* Assets.xcassets in Resources */,
			);
			runOnlyForDeploymentPostprocessing = 0;
		};
/* End PBXResourcesBuildPhase section */

/* Begin PBXSourcesBuildPhase section */
		E606419E1EBA3B2B004A4212 /* Sources */ = {
			isa = PBXSourcesBuildPhase;
			buildActionMask = 2147483647;
			files = (
				E60641AA1EBA3B2B004A4212 /* AppDelegate.m in Sources */,
				E60641C31EBA3FF8004A4212 /* STVVisitsApiClient.m in Sources */,
				E60642761EBB55AF004A4212 /* STVVisitsListViewModel.m in Sources */,
				E60641C71EBA413D004A4212 /* STVApiVisit.m in Sources */,
				E606426B1EBB4932004A4212 /* STVVisitsMapViewController.m in Sources */,
				E60641D01EBA446C004A4212 /* STVApiVisitMapper.m in Sources */,
				E60641EA1EBB1404004A4212 /* STVApiService.m in Sources */,
				E606425D1EBB45A8004A4212 /* STVStorageGeoLocation.m in Sources */,
				E60642531EBB43C7004A4212 /* STVStorage.m in Sources */,
				E60641E71EBB1383004A4212 /* STVOrganizationsApiService.m in Sources */,
				E60641D61EBA4909004A4212 /* STVApiOrganizatonMapper.m in Sources */,
				E60641E41EBB0CE0004A4212 /* STVApiServiceError.m in Sources */,
				E60641D31EBA44B1004A4212 /* STVJsonMapper.m in Sources */,
				E60641E11EBB070C004A4212 /* STVVisitsApiService.m in Sources */,
				E60642641EBB48CC004A4212 /* STVVisitsContainerViewController.m in Sources */,
				E60642001EBB22A0004A4212 /* STVDatabase.m in Sources */,
				E60641A71EBA3B2B004A4212 /* main.m in Sources */,
				E60642011EBB22A0004A4212 /* visits.xcdatamodeld in Sources */,
				E60641CA1EBA414C004A4212 /* STVApiOrganization.m in Sources */,
				E60641FF1EBB22A0004A4212 /* STVCoreDataController.m in Sources */,
				E60641DD1EBA4BF9004A4212 /* STVApiOrganizationValidator.m in Sources */,
				E60641D91EBA4ABC004A4212 /* STVApiVisitValidator.m in Sources */,
				E606425A1EBB4504004A4212 /* STVStorageOrganization.m in Sources */,
				E60642571EBB44EF004A4212 /* STVStorageVisit.m in Sources */,
				E606427A1EBB5748004A4212 /* STVModuleViewController.m in Sources */,
				E60642681EBB491F004A4212 /* STVVisitsListViewController.m in Sources */,
				E606427D1EBB599E004A4212 /* STVVisitsContainerViewModel.m in Sources */,
				E60642711EBB4FEB004A4212 /* STVVisitCollectionViewCell.m in Sources */,
			);
			runOnlyForDeploymentPostprocessing = 0;
		};
/* End PBXSourcesBuildPhase section */

/* Begin PBXVariantGroup section */
		E60641B31EBA3B2B004A4212 /* LaunchScreen.storyboard */ = {
			isa = PBXVariantGroup;
			children = (
				E60641B41EBA3B2B004A4212 /* Base */,
			);
			name = LaunchScreen.storyboard;
			sourceTree = "<group>";
		};
		E606424E1EBB2ECC004A4212 /* Main.storyboard */ = {
			isa = PBXVariantGroup;
			children = (
				E606424D1EBB2ECC004A4212 /* Base */,
			);
			name = Main.storyboard;
			sourceTree = "<group>";
		};
/* End PBXVariantGroup section */

/* Begin XCBuildConfiguration section */
		E60641B71EBA3B2B004A4212 /* Debug */ = {
			isa = XCBuildConfiguration;
			buildSettings = {
				ALWAYS_SEARCH_USER_PATHS = NO;
				CLANG_ANALYZER_NONNULL = YES;
				CLANG_ANALYZER_NUMBER_OBJECT_CONVERSION = YES_AGGRESSIVE;
				CLANG_CXX_LANGUAGE_STANDARD = "gnu++0x";
				CLANG_CXX_LIBRARY = "libc++";
				CLANG_ENABLE_MODULES = YES;
				CLANG_ENABLE_OBJC_ARC = YES;
				CLANG_WARN_BOOL_CONVERSION = YES;
				CLANG_WARN_CONSTANT_CONVERSION = YES;
				CLANG_WARN_DIRECT_OBJC_ISA_USAGE = YES_ERROR;
				CLANG_WARN_DOCUMENTATION_COMMENTS = YES;
				CLANG_WARN_EMPTY_BODY = YES;
				CLANG_WARN_ENUM_CONVERSION = YES;
				CLANG_WARN_INFINITE_RECURSION = YES;
				CLANG_WARN_INT_CONVERSION = YES;
				CLANG_WARN_OBJC_ROOT_CLASS = YES_ERROR;
				CLANG_WARN_SUSPICIOUS_MOVE = YES;
				CLANG_WARN_UNREACHABLE_CODE = YES;
				CLANG_WARN__DUPLICATE_METHOD_MATCH = YES;
				"CODE_SIGN_IDENTITY[sdk=iphoneos*]" = "iPhone Developer";
				COPY_PHASE_STRIP = NO;
				DEBUG_INFORMATION_FORMAT = dwarf;
				ENABLE_STRICT_OBJC_MSGSEND = YES;
				ENABLE_TESTABILITY = YES;
				GCC_C_LANGUAGE_STANDARD = gnu99;
				GCC_DYNAMIC_NO_PIC = NO;
				GCC_NO_COMMON_BLOCKS = YES;
				GCC_OPTIMIZATION_LEVEL = 0;
				GCC_PREPROCESSOR_DEFINITIONS = (
					"DEBUG=1",
					"$(inherited)",
				);
				GCC_WARN_64_TO_32_BIT_CONVERSION = YES;
				GCC_WARN_ABOUT_RETURN_TYPE = YES_ERROR;
				GCC_WARN_UNDECLARED_SELECTOR = YES;
				GCC_WARN_UNINITIALIZED_AUTOS = YES_AGGRESSIVE;
				GCC_WARN_UNUSED_FUNCTION = YES;
				GCC_WARN_UNUSED_VARIABLE = YES;
				IPHONEOS_DEPLOYMENT_TARGET = 10.3;
				MTL_ENABLE_DEBUG_INFO = YES;
				ONLY_ACTIVE_ARCH = YES;
				SDKROOT = iphoneos;
				TARGETED_DEVICE_FAMILY = 2;
			};
			name = Debug;
		};
		E60641B81EBA3B2B004A4212 /* Release */ = {
			isa = XCBuildConfiguration;
			buildSettings = {
				ALWAYS_SEARCH_USER_PATHS = NO;
				CLANG_ANALYZER_NONNULL = YES;
				CLANG_ANALYZER_NUMBER_OBJECT_CONVERSION = YES_AGGRESSIVE;
				CLANG_CXX_LANGUAGE_STANDARD = "gnu++0x";
				CLANG_CXX_LIBRARY = "libc++";
				CLANG_ENABLE_MODULES = YES;
				CLANG_ENABLE_OBJC_ARC = YES;
				CLANG_WARN_BOOL_CONVERSION = YES;
				CLANG_WARN_CONSTANT_CONVERSION = YES;
				CLANG_WARN_DIRECT_OBJC_ISA_USAGE = YES_ERROR;
				CLANG_WARN_DOCUMENTATION_COMMENTS = YES;
				CLANG_WARN_EMPTY_BODY = YES;
				CLANG_WARN_ENUM_CONVERSION = YES;
				CLANG_WARN_INFINITE_RECURSION = YES;
				CLANG_WARN_INT_CONVERSION = YES;
				CLANG_WARN_OBJC_ROOT_CLASS = YES_ERROR;
				CLANG_WARN_SUSPICIOUS_MOVE = YES;
				CLANG_WARN_UNREACHABLE_CODE = YES;
				CLANG_WARN__DUPLICATE_METHOD_MATCH = YES;
				"CODE_SIGN_IDENTITY[sdk=iphoneos*]" = "iPhone Developer";
				COPY_PHASE_STRIP = NO;
				DEBUG_INFORMATION_FORMAT = "dwarf-with-dsym";
				ENABLE_NS_ASSERTIONS = NO;
				ENABLE_STRICT_OBJC_MSGSEND = YES;
				GCC_C_LANGUAGE_STANDARD = gnu99;
				GCC_NO_COMMON_BLOCKS = YES;
				GCC_WARN_64_TO_32_BIT_CONVERSION = YES;
				GCC_WARN_ABOUT_RETURN_TYPE = YES_ERROR;
				GCC_WARN_UNDECLARED_SELECTOR = YES;
				GCC_WARN_UNINITIALIZED_AUTOS = YES_AGGRESSIVE;
				GCC_WARN_UNUSED_FUNCTION = YES;
				GCC_WARN_UNUSED_VARIABLE = YES;
				IPHONEOS_DEPLOYMENT_TARGET = 10.3;
				MTL_ENABLE_DEBUG_INFO = NO;
				SDKROOT = iphoneos;
				TARGETED_DEVICE_FAMILY = 2;
				VALIDATE_PRODUCT = YES;
			};
			name = Release;
		};
		E60641BA1EBA3B2B004A4212 /* Debug */ = {
			isa = XCBuildConfiguration;
			buildSettings = {
				ASSETCATALOG_COMPILER_APPICON_NAME = AppIcon;
				DEVELOPMENT_TEAM = XJ2YWQNMLV;
				INFOPLIST_FILE = SberTechVisitsMap/Info.plist;
				IPHONEOS_DEPLOYMENT_TARGET = 9.2;
				LD_RUNPATH_SEARCH_PATHS = "$(inherited) @executable_path/Frameworks";
				PRODUCT_BUNDLE_IDENTIFIER = com.alkol..SberTechVisitsMap;
				PRODUCT_NAME = "$(TARGET_NAME)";
				SWIFT_VERSION = 3.0;
			};
			name = Debug;
		};
		E60641BB1EBA3B2B004A4212 /* Release */ = {
			isa = XCBuildConfiguration;
			buildSettings = {
				ASSETCATALOG_COMPILER_APPICON_NAME = AppIcon;
				DEVELOPMENT_TEAM = XJ2YWQNMLV;
				INFOPLIST_FILE = SberTechVisitsMap/Info.plist;
				IPHONEOS_DEPLOYMENT_TARGET = 9.2;
				LD_RUNPATH_SEARCH_PATHS = "$(inherited) @executable_path/Frameworks";
				PRODUCT_BUNDLE_IDENTIFIER = com.alkol..SberTechVisitsMap;
				PRODUCT_NAME = "$(TARGET_NAME)";
				SWIFT_VERSION = 3.0;
			};
			name = Release;
		};
/* End XCBuildConfiguration section */

/* Begin XCConfigurationList section */
		E606419D1EBA3B2B004A4212 /* Build configuration list for PBXProject "SberTechVisitsMap" */ = {
			isa = XCConfigurationList;
			buildConfigurations = (
				E60641B71EBA3B2B004A4212 /* Debug */,
				E60641B81EBA3B2B004A4212 /* Release */,
			);
			defaultConfigurationIsVisible = 0;
			defaultConfigurationName = Release;
		};
		E60641B91EBA3B2B004A4212 /* Build configuration list for PBXNativeTarget "SberTechVisitsMap" */ = {
			isa = XCConfigurationList;
			buildConfigurations = (
				E60641BA1EBA3B2B004A4212 /* Debug */,
				E60641BB1EBA3B2B004A4212 /* Release */,
			);
			defaultConfigurationIsVisible = 0;
			defaultConfigurationName = Release;
		};
/* End XCConfigurationList section */

/* Begin XCVersionGroup section */
		E60641FD1EBB22A0004A4212 /* visits.xcdatamodeld */ = {
			isa = XCVersionGroup;
			children = (
				E60641FE1EBB22A0004A4212 /* visits.xcdatamodel */,
			);
			currentVersion = E60641FE1EBB22A0004A4212 /* visits.xcdatamodel */;
			path = visits.xcdatamodeld;
			sourceTree = "<group>";
			versionGroupType = wrapper.xcdatamodel;
		};
/* End XCVersionGroup section */
	};
	rootObject = E606419A1EBA3B2B004A4212 /* Project object */;
}
